
Microsoft Visual Studio Solution File, Format Version 12.00
# Visual Studio Version 16
VisualStudioVersion = 16.0.31410.357
MinimumVisualStudioVersion = 10.0.40219.1
Project("{2150E333-8FDC-42A3-9474-1A3956D46DE8}") = "src", "src", "{23C3B388-6784-4A0A-B784-A00FE4C86A47}"
EndProject
Project("{2150E333-8FDC-42A3-9474-1A3956D46DE8}") = "Services", "Services", "{DF78354D-9BB3-4EE5-843A-2B942AF01FAB}"
EndProject
Project("{2150E333-8FDC-42A3-9474-1A3956D46DE8}") = "Inventory", "Inventory", "{4F43450E-3140-40FE-8CEF-78E257221844}"
EndProject
Project("{9A19103F-16F7-4668-BE54-9A1E7A4F7556}") = "Inventory.Domain", "src\Services\Inventory\Inventory.Domain\Inventory.Domain.csproj", "{016FA051-4B51-4705-9327-8D199C54A15B}"
EndProject
Project("{9A19103F-16F7-4668-BE54-9A1E7A4F7556}") = "Inventory.API", "src\Services\Inventory\Inventory.API\Inventory.API.csproj", "{1F48AB80-BFAE-40D4-9AB9-7A2B5DD9A36C}"
EndProject
Project("{9A19103F-16F7-4668-BE54-9A1E7A4F7556}") = "Inventory.Infrastructure", "src\Services\Inventory\Inventory.Infrastructure\Inventory.Infrastructure.csproj", "{4B23C879-DAC2-4911-BA9C-CDB373E11519}"
EndProject
Project("{2150E333-8FDC-42A3-9474-1A3956D46DE8}") = "BuildingBlocks", "BuildingBlocks", "{10EB1E3C-8D67-41C1-8FEB-96A4B3FFDEF8}"
EndProject
Project("{2150E333-8FDC-42A3-9474-1A3956D46DE8}") = "EventBus", "EventBus", "{78A3F0EF-8745-46B6-9148-423F2A717F9D}"
EndProject
Project("{9A19103F-16F7-4668-BE54-9A1E7A4F7556}") = "BuildingBlocks.EventBus", "src\BuildingBlocks\EventBus\BuildingBlocks.EventBus\BuildingBlocks.EventBus.csproj", "{7C7ECD8B-164C-4E87-A224-52698713055F}"
EndProject
Project("{9A19103F-16F7-4668-BE54-9A1E7A4F7556}") = "BuildingBlocks.EventBusRabbitMQ", "src\BuildingBlocks\EventBus\BuildingBlocks.EventBusRabbitMQ\BuildingBlocks.EventBusRabbitMQ.csproj", "{98CC3E0C-EC4D-4749-91A3-8BF326277519}"
EndProject
Project("{9A19103F-16F7-4668-BE54-9A1E7A4F7556}") = "BuildingBlocks.IntegrationEventLog", "src\BuildingBlocks\EventBus\BuildingBlocks.IntegrationEventLog\BuildingBlocks.IntegrationEventLog.csproj", "{FC64A0E9-9A14-488D-8043-526E1DF3D267}"
EndProject
Project("{2150E333-8FDC-42A3-9474-1A3956D46DE8}") = "WebHost", "WebHost", "{C4359F80-3241-40B0-B9CD-0987FBCA26B0}"
EndProject
Project("{9A19103F-16F7-4668-BE54-9A1E7A4F7556}") = "BuildingBlocks.WebHost.Customization", "src\BuildingBlocks\WebHost\BuildingBlocks.WebHost.Customization\BuildingBlocks.WebHost.Customization.csproj", "{223AB5F9-0AD0-44CD-BB53-AF50596BAB20}"
EndProject
Project("{E53339B2-1760-4266-BCC7-CA923CBCF16C}") = "docker-compose", "src\docker-compose.dcproj", "{6C497A28-11DB-4C95-8D12-E04428239E8B}"
EndProject
Project("{2150E333-8FDC-42A3-9474-1A3956D46DE8}") = "Solution Items", "Solution Items", "{F989CBA1-4CE9-47BE-B43E-255C6FD5A879}"
	ProjectSection(SolutionItems) = preProject
		.gitignore = .gitignore
		README.md = README.md
	EndProjectSection
EndProject
Project("{2150E333-8FDC-42A3-9474-1A3956D46DE8}") = "tests", "tests", "{6D716225-907B-4A24-85B8-AADDA08C297B}"
EndProject
Project("{9A19103F-16F7-4668-BE54-9A1E7A4F7556}") = "Inventory.UnitTests", "src\Services\Inventory\Inventory.UnitTests\Inventory.UnitTests.csproj", "{2E26923C-A485-441F-82F0-FA816EEA61C3}"
EndProject
Project("{9A19103F-16F7-4668-BE54-9A1E7A4F7556}") = "Inventory.FunctionalTests", "src\Services\Inventory\Inventory.FunctionalTests\Inventory.FunctionalTests.csproj", "{BD7E9A33-4BE1-481B-BBAA-D3EA5BC05D64}"
EndProject
Project("{2150E333-8FDC-42A3-9474-1A3956D46DE8}") = "Identity", "Identity", "{2C55CA01-1E17-4D75-91C5-DF5E6DAF6CE7}"
EndProject
Project("{FAE04EC0-301F-11D3-BF4B-00C04F79EFBC}") = "BuildingBlocks.Identity", "src\BuildingBlocks\Identity\BuildingBlocks.Identity\BuildingBlocks.Identity.csproj", "{312DCDA1-B1E7-4A5C-95AB-AFD2C57D84D5}"
EndProject
Global
	GlobalSection(SolutionConfigurationPlatforms) = preSolution
		Debug|Any CPU = Debug|Any CPU
		Release|Any CPU = Release|Any CPU
	EndGlobalSection
	GlobalSection(ProjectConfigurationPlatforms) = postSolution
		{016FA051-4B51-4705-9327-8D199C54A15B}.Debug|Any CPU.ActiveCfg = Debug|Any CPU
		{016FA051-4B51-4705-9327-8D199C54A15B}.Debug|Any CPU.Build.0 = Debug|Any CPU
		{016FA051-4B51-4705-9327-8D199C54A15B}.Release|Any CPU.ActiveCfg = Release|Any CPU
		{016FA051-4B51-4705-9327-8D199C54A15B}.Release|Any CPU.Build.0 = Release|Any CPU
		{1F48AB80-BFAE-40D4-9AB9-7A2B5DD9A36C}.Debug|Any CPU.ActiveCfg = Debug|Any CPU
		{1F48AB80-BFAE-40D4-9AB9-7A2B5DD9A36C}.Debug|Any CPU.Build.0 = Debug|Any CPU
		{1F48AB80-BFAE-40D4-9AB9-7A2B5DD9A36C}.Release|Any CPU.ActiveCfg = Release|Any CPU
		{1F48AB80-BFAE-40D4-9AB9-7A2B5DD9A36C}.Release|Any CPU.Build.0 = Release|Any CPU
		{4B23C879-DAC2-4911-BA9C-CDB373E11519}.Debug|Any CPU.ActiveCfg = Debug|Any CPU
		{4B23C879-DAC2-4911-BA9C-CDB373E11519}.Debug|Any CPU.Build.0 = Debug|Any CPU
		{4B23C879-DAC2-4911-BA9C-CDB373E11519}.Release|Any CPU.ActiveCfg = Release|Any CPU
		{4B23C879-DAC2-4911-BA9C-CDB373E11519}.Release|Any CPU.Build.0 = Release|Any CPU
		{7C7ECD8B-164C-4E87-A224-52698713055F}.Debug|Any CPU.ActiveCfg = Debug|Any CPU
		{7C7ECD8B-164C-4E87-A224-52698713055F}.Debug|Any CPU.Build.0 = Debug|Any CPU
		{7C7ECD8B-164C-4E87-A224-52698713055F}.Release|Any CPU.ActiveCfg = Release|Any CPU
		{7C7ECD8B-164C-4E87-A224-52698713055F}.Release|Any CPU.Build.0 = Release|Any CPU
		{98CC3E0C-EC4D-4749-91A3-8BF326277519}.Debug|Any CPU.ActiveCfg = Debug|Any CPU
		{98CC3E0C-EC4D-4749-91A3-8BF326277519}.Debug|Any CPU.Build.0 = Debug|Any CPU
		{98CC3E0C-EC4D-4749-91A3-8BF326277519}.Release|Any CPU.ActiveCfg = Release|Any CPU
		{98CC3E0C-EC4D-4749-91A3-8BF326277519}.Release|Any CPU.Build.0 = Release|Any CPU
		{FC64A0E9-9A14-488D-8043-526E1DF3D267}.Debug|Any CPU.ActiveCfg = Debug|Any CPU
		{FC64A0E9-9A14-488D-8043-526E1DF3D267}.Debug|Any CPU.Build.0 = Debug|Any CPU
		{FC64A0E9-9A14-488D-8043-526E1DF3D267}.Release|Any CPU.ActiveCfg = Release|Any CPU
		{FC64A0E9-9A14-488D-8043-526E1DF3D267}.Release|Any CPU.Build.0 = Release|Any CPU
		{223AB5F9-0AD0-44CD-BB53-AF50596BAB20}.Debug|Any CPU.ActiveCfg = Debug|Any CPU
		{223AB5F9-0AD0-44CD-BB53-AF50596BAB20}.Debug|Any CPU.Build.0 = Debug|Any CPU
		{223AB5F9-0AD0-44CD-BB53-AF50596BAB20}.Release|Any CPU.ActiveCfg = Release|Any CPU
		{223AB5F9-0AD0-44CD-BB53-AF50596BAB20}.Release|Any CPU.Build.0 = Release|Any CPU
		{6C497A28-11DB-4C95-8D12-E04428239E8B}.Debug|Any CPU.ActiveCfg = Debug|Any CPU
		{6C497A28-11DB-4C95-8D12-E04428239E8B}.Debug|Any CPU.Build.0 = Debug|Any CPU
		{6C497A28-11DB-4C95-8D12-E04428239E8B}.Release|Any CPU.ActiveCfg = Release|Any CPU
		{6C497A28-11DB-4C95-8D12-E04428239E8B}.Release|Any CPU.Build.0 = Release|Any CPU
		{2E26923C-A485-441F-82F0-FA816EEA61C3}.Debug|Any CPU.ActiveCfg = Debug|Any CPU
		{2E26923C-A485-441F-82F0-FA816EEA61C3}.Debug|Any CPU.Build.0 = Debug|Any CPU
		{2E26923C-A485-441F-82F0-FA816EEA61C3}.Release|Any CPU.ActiveCfg = Release|Any CPU
		{2E26923C-A485-441F-82F0-FA816EEA61C3}.Release|Any CPU.Build.0 = Release|Any CPU
		{BD7E9A33-4BE1-481B-BBAA-D3EA5BC05D64}.Debug|Any CPU.ActiveCfg = Debug|Any CPU
		{BD7E9A33-4BE1-481B-BBAA-D3EA5BC05D64}.Debug|Any CPU.Build.0 = Debug|Any CPU
		{BD7E9A33-4BE1-481B-BBAA-D3EA5BC05D64}.Release|Any CPU.ActiveCfg = Release|Any CPU
		{BD7E9A33-4BE1-481B-BBAA-D3EA5BC05D64}.Release|Any CPU.Build.0 = Release|Any CPU
		{312DCDA1-B1E7-4A5C-95AB-AFD2C57D84D5}.Debug|Any CPU.ActiveCfg = Debug|Any CPU
		{312DCDA1-B1E7-4A5C-95AB-AFD2C57D84D5}.Debug|Any CPU.Build.0 = Debug|Any CPU
		{312DCDA1-B1E7-4A5C-95AB-AFD2C57D84D5}.Release|Any CPU.ActiveCfg = Release|Any CPU
		{312DCDA1-B1E7-4A5C-95AB-AFD2C57D84D5}.Release|Any CPU.Build.0 = Release|Any CPU
	EndGlobalSection
	GlobalSection(SolutionProperties) = preSolution
		HideSolutionNode = FALSE
	EndGlobalSection
	GlobalSection(NestedProjects) = preSolution
		{DF78354D-9BB3-4EE5-843A-2B942AF01FAB} = {23C3B388-6784-4A0A-B784-A00FE4C86A47}
		{4F43450E-3140-40FE-8CEF-78E257221844} = {DF78354D-9BB3-4EE5-843A-2B942AF01FAB}
		{016FA051-4B51-4705-9327-8D199C54A15B} = {4F43450E-3140-40FE-8CEF-78E257221844}
		{1F48AB80-BFAE-40D4-9AB9-7A2B5DD9A36C} = {4F43450E-3140-40FE-8CEF-78E257221844}
		{4B23C879-DAC2-4911-BA9C-CDB373E11519} = {4F43450E-3140-40FE-8CEF-78E257221844}
		{10EB1E3C-8D67-41C1-8FEB-96A4B3FFDEF8} = {23C3B388-6784-4A0A-B784-A00FE4C86A47}
		{78A3F0EF-8745-46B6-9148-423F2A717F9D} = {10EB1E3C-8D67-41C1-8FEB-96A4B3FFDEF8}
		{7C7ECD8B-164C-4E87-A224-52698713055F} = {78A3F0EF-8745-46B6-9148-423F2A717F9D}
		{98CC3E0C-EC4D-4749-91A3-8BF326277519} = {78A3F0EF-8745-46B6-9148-423F2A717F9D}
		{FC64A0E9-9A14-488D-8043-526E1DF3D267} = {78A3F0EF-8745-46B6-9148-423F2A717F9D}
		{C4359F80-3241-40B0-B9CD-0987FBCA26B0} = {10EB1E3C-8D67-41C1-8FEB-96A4B3FFDEF8}
		{223AB5F9-0AD0-44CD-BB53-AF50596BAB20} = {C4359F80-3241-40B0-B9CD-0987FBCA26B0}
		{6D716225-907B-4A24-85B8-AADDA08C297B} = {4F43450E-3140-40FE-8CEF-78E257221844}
		{2E26923C-A485-441F-82F0-FA816EEA61C3} = {6D716225-907B-4A24-85B8-AADDA08C297B}
		{BD7E9A33-4BE1-481B-BBAA-D3EA5BC05D64} = {6D716225-907B-4A24-85B8-AADDA08C297B}
		{2C55CA01-1E17-4D75-91C5-DF5E6DAF6CE7} = {10EB1E3C-8D67-41C1-8FEB-96A4B3FFDEF8}
		{312DCDA1-B1E7-4A5C-95AB-AFD2C57D84D5} = {2C55CA01-1E17-4D75-91C5-DF5E6DAF6CE7}
	EndGlobalSection
	GlobalSection(ExtensibilityGlobals) = postSolution
		SolutionGuid = {3E1054AD-F596-40F5-A7F9-81CE4B5B1B1F}
	EndGlobalSection
EndGlobal
