
Microsoft Visual Studio Solution File, Format Version 12.00
# Visual Studio Version 16
VisualStudioVersion = 16.0.31410.357
MinimumVisualStudioVersion = 10.0.40219.1
Project("{2150E333-8FDC-42A3-9474-1A3956D46DE8}") = "src", "src", "{23C3B388-6784-4A0A-B784-A00FE4C86A47}"
EndProject
Project("{2150E333-8FDC-42A3-9474-1A3956D46DE8}") = "Services", "Services", "{DF78354D-9BB3-4EE5-843A-2B942AF01FAB}"
EndProject
Project("{2150E333-8FDC-42A3-9474-1A3956D46DE8}") = "Ordering", "Ordering", "{4F43450E-3140-40FE-8CEF-78E257221844}"
EndProject
Project("{9A19103F-16F7-4668-BE54-9A1E7A4F7556}") = "Ordering.Domain", "src\Services\Ordering\Ordering.Domain\Ordering.Domain.csproj", "{016FA051-4B51-4705-9327-8D199C54A15B}"
EndProject
Project("{9A19103F-16F7-4668-BE54-9A1E7A4F7556}") = "Ordering.API", "src\Services\Ordering\Ordering.API\Ordering.API.csproj", "{1F48AB80-BFAE-40D4-9AB9-7A2B5DD9A36C}"
EndProject
Project("{9A19103F-16F7-4668-BE54-9A1E7A4F7556}") = "Ordering.Infrastructure", "src\Services\Ordering\Ordering.Infrastructure\Ordering.Infrastructure.csproj", "{4B23C879-DAC2-4911-BA9C-CDB373E11519}"
EndProject
Project("{2150E333-8FDC-42A3-9474-1A3956D46DE8}") = "BuildingBlocks", "BuildingBlocks", "{10EB1E3C-8D67-41C1-8FEB-96A4B3FFDEF8}"
EndProject
Project("{2150E333-8FDC-42A3-9474-1A3956D46DE8}") = "EventBus", "EventBus", "{78A3F0EF-8745-46B6-9148-423F2A717F9D}"
EndProject
Project("{9A19103F-16F7-4668-BE54-9A1E7A4F7556}") = "BuildingBlocks.EventBus", "src\BuildingBlocks\EventBus\BuildingBlocks.EventBus\BuildingBlocks.EventBus.csproj", "{7C7ECD8B-164C-4E87-A224-52698713055F}"
EndProject
Project("{9A19103F-16F7-4668-BE54-9A1E7A4F7556}") = "BuildingBlocks.EventBusRabbitMQ", "src\BuildingBlocks\EventBus\BuildingBlocks.EventBusRabbitMQ\BuildingBlocks.EventBusRabbitMQ.csproj", "{98CC3E0C-EC4D-4749-91A3-8BF326277519}"
EndProject
Project("{9A19103F-16F7-4668-BE54-9A1E7A4F7556}") = "BuildingBlocks.IntegrationEventLog", "src\BuildingBlocks\EventBus\BuildingBlocks.IntegrationEventLog\BuildingBlocks.IntegrationEventLog.csproj", "{FC64A0E9-9A14-488D-8043-526E1DF3D267}"
EndProject
Project("{2150E333-8FDC-42A3-9474-1A3956D46DE8}") = "WebHost", "WebHost", "{C4359F80-3241-40B0-B9CD-0987FBCA26B0}"
EndProject
Project("{9A19103F-16F7-4668-BE54-9A1E7A4F7556}") = "BuildingBlocks.WebHost.Customization", "src\BuildingBlocks\WebHost\BuildingBlocks.WebHost.Customization\BuildingBlocks.WebHost.Customization.csproj", "{223AB5F9-0AD0-44CD-BB53-AF50596BAB20}"
EndProject
Project("{2150E333-8FDC-42A3-9474-1A3956D46DE8}") = "Solution Items", "Solution Items", "{F989CBA1-4CE9-47BE-B43E-255C6FD5A879}"
	ProjectSection(SolutionItems) = preProject
		.gitignore = .gitignore
		README.md = README.md
	EndProjectSection
EndProject
Project("{2150E333-8FDC-42A3-9474-1A3956D46DE8}") = "tests", "tests", "{6D716225-907B-4A24-85B8-AADDA08C297B}"
EndProject
Project("{9A19103F-16F7-4668-BE54-9A1E7A4F7556}") = "Ordering.UnitTests", "src\Services\Ordering\Ordering.UnitTests\Ordering.UnitTests.csproj", "{2E26923C-A485-441F-82F0-FA816EEA61C3}"
EndProject
Project("{9A19103F-16F7-4668-BE54-9A1E7A4F7556}") = "Ordering.FunctionalTests", "src\Services\Ordering\Ordering.FunctionalTests\Ordering.FunctionalTests.csproj", "{BD7E9A33-4BE1-481B-BBAA-D3EA5BC05D64}"
EndProject
Project("{2150E333-8FDC-42A3-9474-1A3956D46DE8}") = "Identity", "Identity", "{2C55CA01-1E17-4D75-91C5-DF5E6DAF6CE7}"
EndProject
Project("{9A19103F-16F7-4668-BE54-9A1E7A4F7556}") = "BuildingBlocks.Identity", "src\BuildingBlocks\Identity\BuildingBlocks.Identity\BuildingBlocks.Identity.csproj", "{312DCDA1-B1E7-4A5C-95AB-AFD2C57D84D5}"
EndProject
Project("{2150E333-8FDC-42A3-9474-1A3956D46DE8}") = "Tests", "Tests", "{A89AFDF5-5EFA-4D1F-8795-1B7F7B2505A4}"
EndProject
Project("{9A19103F-16F7-4668-BE54-9A1E7A4F7556}") = "BuildingBlocks.FunctionalTests", "src\BuildingBlocks\Tests\BuildingBlocks.FunctionalTests\BuildingBlocks.FunctionalTests.csproj", "{98971AB0-D3A8-4755-8A62-BF916F515095}"
EndProject
Project("{2150E333-8FDC-42A3-9474-1A3956D46DE8}") = "Catalog", "Catalog", "{67D6B168-BC7D-4FE5-8FA3-AC2DD0D69911}"
EndProject
Project("{9A19103F-16F7-4668-BE54-9A1E7A4F7556}") = "Catalog.Domain", "src\Services\Catalog\Catalog.Domain\Catalog.Domain.csproj", "{44250DC6-51C6-428B-8B35-3FE178CFFE94}"
EndProject
Project("{2150E333-8FDC-42A3-9474-1A3956D46DE8}") = "SeedWork", "SeedWork", "{109DE2BA-F7DE-4411-BA7D-0FBB42226398}"
EndProject
Project("{9A19103F-16F7-4668-BE54-9A1E7A4F7556}") = "BuildingBlocks.SeedWork", "src\BuildingBlocks\SeedWork\BuildingBlocks.SeedWork\BuildingBlocks.SeedWork.csproj", "{FBE7CD9B-CDE8-4D63-B5EA-9B413C251C6C}"
EndProject
Project("{9A19103F-16F7-4668-BE54-9A1E7A4F7556}") = "Catalog.Infrastructure", "src\Services\Catalog\Catalog.Infrastructure\Catalog.Infrastructure.csproj", "{B857BDBA-1A08-4118-9DC1-18250268716C}"
EndProject
Project("{2150E333-8FDC-42A3-9474-1A3956D46DE8}") = "tests", "tests", "{B77C5C27-7DAF-4EF0-A26B-ACAAB8660EC6}"
EndProject
Project("{9A19103F-16F7-4668-BE54-9A1E7A4F7556}") = "Catalog.UnitTests", "src\Services\Catalog\Catalog.UnitTests\Catalog.UnitTests.csproj", "{ED1BF395-6680-41A9-8971-2C21A9155FCE}"
EndProject
Project("{9A19103F-16F7-4668-BE54-9A1E7A4F7556}") = "Catalog.API", "src\Services\Catalog\Catalog.API\Catalog.API.csproj", "{41694CCD-05D0-48E8-B8B0-255F4E676C2D}"
EndProject
Project("{9A19103F-16F7-4668-BE54-9A1E7A4F7556}") = "Catalog.FunctionalTests", "src\Services\Catalog\Catalog.FunctionalTests\Catalog.FunctionalTests.csproj", "{61B6AB38-F050-40E1-A929-6BC787AB106A}"
EndProject
Project("{2150E333-8FDC-42A3-9474-1A3956D46DE8}") = "tests", "tests", "{891349C5-42BA-49BB-BA4A-630C3E4EAF20}"
EndProject
Project("{9A19103F-16F7-4668-BE54-9A1E7A4F7556}") = "BuildingBlocks.EventBus.Tests", "src\BuildingBlocks\EventBus\BuildingBlocks.EventBus.Tests\BuildingBlocks.EventBus.Tests.csproj", "{34837A76-6005-4691-9AC6-1884F1F21E4D}"
EndProject
Project("{E53339B2-1760-4266-BCC7-CA923CBCF16C}") = "docker-compose", "docker-compose.dcproj", "{DFBFE84F-915C-4B52-A398-D7CB26E804BB}"
EndProject
Global
	GlobalSection(SolutionConfigurationPlatforms) = preSolution
		Debug|Any CPU = Debug|Any CPU
		Release|Any CPU = Release|Any CPU
	EndGlobalSection
	GlobalSection(ProjectConfigurationPlatforms) = postSolution
		{016FA051-4B51-4705-9327-8D199C54A15B}.Debug|Any CPU.ActiveCfg = Debug|Any CPU
		{016FA051-4B51-4705-9327-8D199C54A15B}.Debug|Any CPU.Build.0 = Debug|Any CPU
		{016FA051-4B51-4705-9327-8D199C54A15B}.Release|Any CPU.ActiveCfg = Release|Any CPU
		{016FA051-4B51-4705-9327-8D199C54A15B}.Release|Any CPU.Build.0 = Release|Any CPU
		{1F48AB80-BFAE-40D4-9AB9-7A2B5DD9A36C}.Debug|Any CPU.ActiveCfg = Debug|Any CPU
		{1F48AB80-BFAE-40D4-9AB9-7A2B5DD9A36C}.Debug|Any CPU.Build.0 = Debug|Any CPU
		{1F48AB80-BFAE-40D4-9AB9-7A2B5DD9A36C}.Release|Any CPU.ActiveCfg = Release|Any CPU
		{1F48AB80-BFAE-40D4-9AB9-7A2B5DD9A36C}.Release|Any CPU.Build.0 = Release|Any CPU
		{4B23C879-DAC2-4911-BA9C-CDB373E11519}.Debug|Any CPU.ActiveCfg = Debug|Any CPU
		{4B23C879-DAC2-4911-BA9C-CDB373E11519}.Debug|Any CPU.Build.0 = Debug|Any CPU
		{4B23C879-DAC2-4911-BA9C-CDB373E11519}.Release|Any CPU.ActiveCfg = Release|Any CPU
		{4B23C879-DAC2-4911-BA9C-CDB373E11519}.Release|Any CPU.Build.0 = Release|Any CPU
		{7C7ECD8B-164C-4E87-A224-52698713055F}.Debug|Any CPU.ActiveCfg = Debug|Any CPU
		{7C7ECD8B-164C-4E87-A224-52698713055F}.Debug|Any CPU.Build.0 = Debug|Any CPU
		{7C7ECD8B-164C-4E87-A224-52698713055F}.Release|Any CPU.ActiveCfg = Release|Any CPU
		{7C7ECD8B-164C-4E87-A224-52698713055F}.Release|Any CPU.Build.0 = Release|Any CPU
		{98CC3E0C-EC4D-4749-91A3-8BF326277519}.Debug|Any CPU.ActiveCfg = Debug|Any CPU
		{98CC3E0C-EC4D-4749-91A3-8BF326277519}.Debug|Any CPU.Build.0 = Debug|Any CPU
		{98CC3E0C-EC4D-4749-91A3-8BF326277519}.Release|Any CPU.ActiveCfg = Release|Any CPU
		{98CC3E0C-EC4D-4749-91A3-8BF326277519}.Release|Any CPU.Build.0 = Release|Any CPU
		{FC64A0E9-9A14-488D-8043-526E1DF3D267}.Debug|Any CPU.ActiveCfg = Debug|Any CPU
		{FC64A0E9-9A14-488D-8043-526E1DF3D267}.Debug|Any CPU.Build.0 = Debug|Any CPU
		{FC64A0E9-9A14-488D-8043-526E1DF3D267}.Release|Any CPU.ActiveCfg = Release|Any CPU
		{FC64A0E9-9A14-488D-8043-526E1DF3D267}.Release|Any CPU.Build.0 = Release|Any CPU
		{223AB5F9-0AD0-44CD-BB53-AF50596BAB20}.Debug|Any CPU.ActiveCfg = Debug|Any CPU
		{223AB5F9-0AD0-44CD-BB53-AF50596BAB20}.Debug|Any CPU.Build.0 = Debug|Any CPU
		{223AB5F9-0AD0-44CD-BB53-AF50596BAB20}.Release|Any CPU.ActiveCfg = Release|Any CPU
		{223AB5F9-0AD0-44CD-BB53-AF50596BAB20}.Release|Any CPU.Build.0 = Release|Any CPU
		{2E26923C-A485-441F-82F0-FA816EEA61C3}.Debug|Any CPU.ActiveCfg = Debug|Any CPU
		{2E26923C-A485-441F-82F0-FA816EEA61C3}.Debug|Any CPU.Build.0 = Debug|Any CPU
		{2E26923C-A485-441F-82F0-FA816EEA61C3}.Release|Any CPU.ActiveCfg = Release|Any CPU
		{2E26923C-A485-441F-82F0-FA816EEA61C3}.Release|Any CPU.Build.0 = Release|Any CPU
		{BD7E9A33-4BE1-481B-BBAA-D3EA5BC05D64}.Debug|Any CPU.ActiveCfg = Debug|Any CPU
		{BD7E9A33-4BE1-481B-BBAA-D3EA5BC05D64}.Debug|Any CPU.Build.0 = Debug|Any CPU
		{BD7E9A33-4BE1-481B-BBAA-D3EA5BC05D64}.Release|Any CPU.ActiveCfg = Release|Any CPU
		{BD7E9A33-4BE1-481B-BBAA-D3EA5BC05D64}.Release|Any CPU.Build.0 = Release|Any CPU
		{312DCDA1-B1E7-4A5C-95AB-AFD2C57D84D5}.Debug|Any CPU.ActiveCfg = Debug|Any CPU
		{312DCDA1-B1E7-4A5C-95AB-AFD2C57D84D5}.Debug|Any CPU.Build.0 = Debug|Any CPU
		{312DCDA1-B1E7-4A5C-95AB-AFD2C57D84D5}.Release|Any CPU.ActiveCfg = Release|Any CPU
		{312DCDA1-B1E7-4A5C-95AB-AFD2C57D84D5}.Release|Any CPU.Build.0 = Release|Any CPU
		{98971AB0-D3A8-4755-8A62-BF916F515095}.Debug|Any CPU.ActiveCfg = Debug|Any CPU
		{98971AB0-D3A8-4755-8A62-BF916F515095}.Debug|Any CPU.Build.0 = Debug|Any CPU
		{98971AB0-D3A8-4755-8A62-BF916F515095}.Release|Any CPU.ActiveCfg = Release|Any CPU
		{98971AB0-D3A8-4755-8A62-BF916F515095}.Release|Any CPU.Build.0 = Release|Any CPU
		{44250DC6-51C6-428B-8B35-3FE178CFFE94}.Debug|Any CPU.ActiveCfg = Debug|Any CPU
		{44250DC6-51C6-428B-8B35-3FE178CFFE94}.Debug|Any CPU.Build.0 = Debug|Any CPU
		{44250DC6-51C6-428B-8B35-3FE178CFFE94}.Release|Any CPU.ActiveCfg = Release|Any CPU
		{44250DC6-51C6-428B-8B35-3FE178CFFE94}.Release|Any CPU.Build.0 = Release|Any CPU
		{FBE7CD9B-CDE8-4D63-B5EA-9B413C251C6C}.Debug|Any CPU.ActiveCfg = Debug|Any CPU
		{FBE7CD9B-CDE8-4D63-B5EA-9B413C251C6C}.Debug|Any CPU.Build.0 = Debug|Any CPU
		{FBE7CD9B-CDE8-4D63-B5EA-9B413C251C6C}.Release|Any CPU.ActiveCfg = Release|Any CPU
		{FBE7CD9B-CDE8-4D63-B5EA-9B413C251C6C}.Release|Any CPU.Build.0 = Release|Any CPU
		{B857BDBA-1A08-4118-9DC1-18250268716C}.Debug|Any CPU.ActiveCfg = Debug|Any CPU
		{B857BDBA-1A08-4118-9DC1-18250268716C}.Debug|Any CPU.Build.0 = Debug|Any CPU
		{B857BDBA-1A08-4118-9DC1-18250268716C}.Release|Any CPU.ActiveCfg = Release|Any CPU
		{B857BDBA-1A08-4118-9DC1-18250268716C}.Release|Any CPU.Build.0 = Release|Any CPU
		{ED1BF395-6680-41A9-8971-2C21A9155FCE}.Debug|Any CPU.ActiveCfg = Debug|Any CPU
		{ED1BF395-6680-41A9-8971-2C21A9155FCE}.Debug|Any CPU.Build.0 = Debug|Any CPU
		{ED1BF395-6680-41A9-8971-2C21A9155FCE}.Release|Any CPU.ActiveCfg = Release|Any CPU
		{ED1BF395-6680-41A9-8971-2C21A9155FCE}.Release|Any CPU.Build.0 = Release|Any CPU
		{41694CCD-05D0-48E8-B8B0-255F4E676C2D}.Debug|Any CPU.ActiveCfg = Debug|Any CPU
		{41694CCD-05D0-48E8-B8B0-255F4E676C2D}.Debug|Any CPU.Build.0 = Debug|Any CPU
		{41694CCD-05D0-48E8-B8B0-255F4E676C2D}.Release|Any CPU.ActiveCfg = Release|Any CPU
		{41694CCD-05D0-48E8-B8B0-255F4E676C2D}.Release|Any CPU.Build.0 = Release|Any CPU
		{61B6AB38-F050-40E1-A929-6BC787AB106A}.Debug|Any CPU.ActiveCfg = Debug|Any CPU
		{61B6AB38-F050-40E1-A929-6BC787AB106A}.Debug|Any CPU.Build.0 = Debug|Any CPU
		{61B6AB38-F050-40E1-A929-6BC787AB106A}.Release|Any CPU.ActiveCfg = Release|Any CPU
		{61B6AB38-F050-40E1-A929-6BC787AB106A}.Release|Any CPU.Build.0 = Release|Any CPU
		{34837A76-6005-4691-9AC6-1884F1F21E4D}.Debug|Any CPU.ActiveCfg = Debug|Any CPU
		{34837A76-6005-4691-9AC6-1884F1F21E4D}.Debug|Any CPU.Build.0 = Debug|Any CPU
		{34837A76-6005-4691-9AC6-1884F1F21E4D}.Release|Any CPU.ActiveCfg = Release|Any CPU
		{34837A76-6005-4691-9AC6-1884F1F21E4D}.Release|Any CPU.Build.0 = Release|Any CPU
		{DFBFE84F-915C-4B52-A398-D7CB26E804BB}.Debug|Any CPU.ActiveCfg = Debug|Any CPU
		{DFBFE84F-915C-4B52-A398-D7CB26E804BB}.Debug|Any CPU.Build.0 = Debug|Any CPU
		{DFBFE84F-915C-4B52-A398-D7CB26E804BB}.Release|Any CPU.ActiveCfg = Release|Any CPU
		{DFBFE84F-915C-4B52-A398-D7CB26E804BB}.Release|Any CPU.Build.0 = Release|Any CPU
	EndGlobalSection
	GlobalSection(SolutionProperties) = preSolution
		HideSolutionNode = FALSE
	EndGlobalSection
	GlobalSection(NestedProjects) = preSolution
		{DF78354D-9BB3-4EE5-843A-2B942AF01FAB} = {23C3B388-6784-4A0A-B784-A00FE4C86A47}
		{4F43450E-3140-40FE-8CEF-78E257221844} = {DF78354D-9BB3-4EE5-843A-2B942AF01FAB}
		{016FA051-4B51-4705-9327-8D199C54A15B} = {4F43450E-3140-40FE-8CEF-78E257221844}
		{1F48AB80-BFAE-40D4-9AB9-7A2B5DD9A36C} = {4F43450E-3140-40FE-8CEF-78E257221844}
		{4B23C879-DAC2-4911-BA9C-CDB373E11519} = {4F43450E-3140-40FE-8CEF-78E257221844}
		{10EB1E3C-8D67-41C1-8FEB-96A4B3FFDEF8} = {23C3B388-6784-4A0A-B784-A00FE4C86A47}
		{78A3F0EF-8745-46B6-9148-423F2A717F9D} = {10EB1E3C-8D67-41C1-8FEB-96A4B3FFDEF8}
		{7C7ECD8B-164C-4E87-A224-52698713055F} = {78A3F0EF-8745-46B6-9148-423F2A717F9D}
		{98CC3E0C-EC4D-4749-91A3-8BF326277519} = {78A3F0EF-8745-46B6-9148-423F2A717F9D}
		{FC64A0E9-9A14-488D-8043-526E1DF3D267} = {78A3F0EF-8745-46B6-9148-423F2A717F9D}
		{C4359F80-3241-40B0-B9CD-0987FBCA26B0} = {10EB1E3C-8D67-41C1-8FEB-96A4B3FFDEF8}
		{223AB5F9-0AD0-44CD-BB53-AF50596BAB20} = {C4359F80-3241-40B0-B9CD-0987FBCA26B0}
		{6D716225-907B-4A24-85B8-AADDA08C297B} = {4F43450E-3140-40FE-8CEF-78E257221844}
		{2E26923C-A485-441F-82F0-FA816EEA61C3} = {6D716225-907B-4A24-85B8-AADDA08C297B}
		{BD7E9A33-4BE1-481B-BBAA-D3EA5BC05D64} = {6D716225-907B-4A24-85B8-AADDA08C297B}
		{2C55CA01-1E17-4D75-91C5-DF5E6DAF6CE7} = {10EB1E3C-8D67-41C1-8FEB-96A4B3FFDEF8}
		{312DCDA1-B1E7-4A5C-95AB-AFD2C57D84D5} = {2C55CA01-1E17-4D75-91C5-DF5E6DAF6CE7}
		{A89AFDF5-5EFA-4D1F-8795-1B7F7B2505A4} = {10EB1E3C-8D67-41C1-8FEB-96A4B3FFDEF8}
		{98971AB0-D3A8-4755-8A62-BF916F515095} = {A89AFDF5-5EFA-4D1F-8795-1B7F7B2505A4}
		{67D6B168-BC7D-4FE5-8FA3-AC2DD0D69911} = {DF78354D-9BB3-4EE5-843A-2B942AF01FAB}
		{44250DC6-51C6-428B-8B35-3FE178CFFE94} = {67D6B168-BC7D-4FE5-8FA3-AC2DD0D69911}
		{109DE2BA-F7DE-4411-BA7D-0FBB42226398} = {10EB1E3C-8D67-41C1-8FEB-96A4B3FFDEF8}
		{FBE7CD9B-CDE8-4D63-B5EA-9B413C251C6C} = {109DE2BA-F7DE-4411-BA7D-0FBB42226398}
		{B857BDBA-1A08-4118-9DC1-18250268716C} = {67D6B168-BC7D-4FE5-8FA3-AC2DD0D69911}
		{B77C5C27-7DAF-4EF0-A26B-ACAAB8660EC6} = {67D6B168-BC7D-4FE5-8FA3-AC2DD0D69911}
		{ED1BF395-6680-41A9-8971-2C21A9155FCE} = {B77C5C27-7DAF-4EF0-A26B-ACAAB8660EC6}
		{41694CCD-05D0-48E8-B8B0-255F4E676C2D} = {67D6B168-BC7D-4FE5-8FA3-AC2DD0D69911}
		{61B6AB38-F050-40E1-A929-6BC787AB106A} = {B77C5C27-7DAF-4EF0-A26B-ACAAB8660EC6}
		{891349C5-42BA-49BB-BA4A-630C3E4EAF20} = {78A3F0EF-8745-46B6-9148-423F2A717F9D}
		{34837A76-6005-4691-9AC6-1884F1F21E4D} = {891349C5-42BA-49BB-BA4A-630C3E4EAF20}
	EndGlobalSection
	GlobalSection(ExtensibilityGlobals) = postSolution
		SolutionGuid = {3E1054AD-F596-40F5-A7F9-81CE4B5B1B1F}
	EndGlobalSection
EndGlobal
